
Microsoft Visual Studio Solution File, Format Version 12.00
# Visual Studio Version 16
VisualStudioVersion = 16.0.31205.134
MinimumVisualStudioVersion = 10.0.40219.1
Project("{FAE04EC0-301F-11D3-BF4B-00C04F79EFBC}") = "Fundamentals_3", "Fundamentals_3.csproj", "{6410EE8D-11E4-46D1-BF31-98D135074844}"
EndProject
Global
	GlobalSection(SolutionConfigurationPlatforms) = preSolution
		Debug|Any CPU = Debug|Any CPU
		Release|Any CPU = Release|Any CPU
	EndGlobalSection
	GlobalSection(ProjectConfigurationPlatforms) = postSolution
		{6410EE8D-11E4-46D1-BF31-98D135074844}.Debug|Any CPU.ActiveCfg = Debug|Any CPU
		{6410EE8D-11E4-46D1-BF31-98D135074844}.Debug|Any CPU.Build.0 = Debug|Any CPU
		{6410EE8D-11E4-46D1-BF31-98D135074844}.Release|Any CPU.ActiveCfg = Release|Any CPU
		{6410EE8D-11E4-46D1-BF31-98D135074844}.Release|Any CPU.Build.0 = Release|Any CPU
	EndGlobalSection
	GlobalSection(SolutionProperties) = preSolution
		HideSolutionNode = FALSE
	EndGlobalSection
	GlobalSection(ExtensibilityGlobals) = postSolution
		SolutionGuid = {7C30BAFB-12B7-40DA-B465-4813DF0DD635}
	EndGlobalSection
EndGlobal
